lockfileVersion: '9.0'

settings:
  autoInstallPeers: true
  excludeLinksFromLockfile: false

importers:

  .:
    dependencies:
      '@codama/nodes-from-anchor':
        specifier: ^1.0.1
        version: 1.0.1
      '@codama/renderers-js':
        specifier: ^1.1.0
        version: 1.1.0(chokidar@3.6.0)(fastestsmallesttextencoderdecoder@1.0.22)(typescript@5.6.3)
      '@codama/renderers-rust':
        specifier: ^1.0.4
        version: 1.0.4(chokidar@3.6.0)(fastestsmallesttextencoderdecoder@1.0.22)(typescript@5.6.3)
      '@digitak/esrun':
        specifier: ^3.2.25
        version: 3.2.26
      '@solana/web3.js':
        specifier: 2.0.0-rc.4
        version: 2.0.0-rc.4(fastestsmallesttextencoderdecoder@1.0.22)(typescript@5.6.3)(ws@8.18.0)
      codama:
        specifier: ^1.1.0
        version: 1.1.0
      dotenv:
        specifier: ^16.3.1
        version: 16.4.5
      typescript:
        specifier: ^5.2.2
        version: 5.6.3
    devDependencies:
      '@types/node':
        specifier: ^22.9.0
        version: 22.9.0

packages:

  '@codama/errors@1.1.0':
    resolution: {integrity: sha512-njLWTPYgz5uJP02617CX0BZCHGHrHnQvKroU0z4YcJZiaMQlw3VLzb+e2ZU2X+uVpp+3ITJZ9yexuoEhJBVQdQ==}
    hasBin: true

  '@codama/node-types@1.1.0':
    resolution: {integrity: sha512-+J6E0didCY0+8dr2vI6ag+FMaMr3SemvXJYKOhxKEJ6HXR/J+7cddpptXyrIhLa8R2Kw0yzIG9VjAlUGL7u8OQ==}

  '@codama/nodes-from-anchor@1.0.1':
    resolution: {integrity: sha512-9sITAJyWxjbuBqeSmiA/AzN15+65KvycPJmc0ReWWsbqBCblr0A5jeA/zFbfILRFcu6MVyJXpQvl42FZ/vAL1g==}

  '@codama/nodes@1.1.0':
    resolution: {integrity: sha512-a6lX45CqfvdU5jKx63zWVEUbyAjEKqjye3EkboKNEJIM0RDmDwtTqNuQBR8HHx9nO7EBPypxYOXtGpmVXg0xYw==}

  '@codama/renderers-core@1.0.1':
    resolution: {integrity: sha512-EOOQx2s5t6huVJRXwwLC6adyqSuDPVKIWXiDhy5uyJBRlNk18/vb4OmVoXTIWb6mS64m/j0DuyrWJWzIUUJ84w==}

  '@codama/renderers-js@1.1.0':
    resolution: {integrity: sha512-LeFLDlKb726q6VARnuKCQ0qV2c0xS6s7U1jF7WrecMj3zrWy5hN1yGKKEZdItq95M0JOawbHbejjP9aiJ4R7Kw==}

  '@codama/renderers-rust@1.0.4':
    resolution: {integrity: sha512-+THq6bCInn30dKEGGNrilnbaitA8A3pOjfsqwka/i3Aip5x5At6lk7VcQwoWzDvvcy/2FHaOVi3hmlc28d8maw==}

  '@codama/validators@1.1.0':
    resolution: {integrity: sha512-TVzTjN2m1bGauLnqJE12lZfZf1L2C9Hal7/i0sjNmtc3UbUL7pIH5Rp4bFSyfDuyhMD0JfxtJqr3YlK6yXoqkA==}

  '@codama/visitors-core@1.1.0':
    resolution: {integrity: sha512-NBJAgGmVdFIWHDsKSKjTYbIfSZRyRzgqPzmHFgRIRjy4Uw63zOwP5Yk1bctWrP6YRlGjrTunfVkOIA6QiVr6lg==}

  '@codama/visitors@1.1.0':
    resolution: {integrity: sha512-QpAShuxemS8oplHDXNqnUnYwhJq58RZjfZ/KMIpdm88OCBnQRO4YfM/zQLEvXjA+tpwJpe4WnL6opTLLnSYThw==}

  '@digitak/esrun@3.2.26':
    resolution: {integrity: sha512-mL0bw7NhKVghp7mVsPwnAMhCn4NGAsk0KKFmAfnrYAZ/QCXR5xLXIYP82zLMjcsQag8DD6i1c+Yrm/57StYVzg==}
    engines: {node: '>=14.0'}
    hasBin: true

  '@digitak/grubber@3.1.4':
    resolution: {integrity: sha512-pqsnp2BUYlDoTXWG34HWgEJse/Eo1okRgNex8IG84wHrJp8h3SakeR5WhB4VxSA2+/D+frNYJ0ch3yXzsfNDoA==}

  '@esbuild/android-arm64@0.17.19':
    resolution: {integrity: sha512-KBMWvEZooR7+kzY0BtbTQn0OAYY7CsiydT63pVEaPtVYF0hXbUaOyZog37DKxK7NF3XacBJOpYT4adIJh+avxA==}
    engines: {node: '>=12'}
    cpu: [arm64]
    os: [android]

  '@esbuild/android-arm@0.17.19':
    resolution: {integrity: sha512-rIKddzqhmav7MSmoFCmDIb6e2W57geRsM94gV2l38fzhXMwq7hZoClug9USI2pFRGL06f4IOPHHpFNOkWieR8A==}
    engines: {node: '>=12'}
    cpu: [arm]
    os: [android]

  '@esbuild/android-x64@0.17.19':
    resolution: {integrity: sha512-uUTTc4xGNDT7YSArp/zbtmbhO0uEEK9/ETW29Wk1thYUJBz3IVnvgEiEwEa9IeLyvnpKrWK64Utw2bgUmDveww==}
    engines: {node: '>=12'}
    cpu: [x64]
    os: [android]

  '@esbuild/darwin-arm64@0.17.19':
    resolution: {integrity: sha512-80wEoCfF/hFKM6WE1FyBHc9SfUblloAWx6FJkFWTWiCoht9Mc0ARGEM47e67W9rI09YoUxJL68WHfDRYEAvOhg==}
    engines: {node: '>=12'}
    cpu: [arm64]
    os: [darwin]

  '@esbuild/darwin-x64@0.17.19':
    resolution: {integrity: sha512-IJM4JJsLhRYr9xdtLytPLSH9k/oxR3boaUIYiHkAawtwNOXKE8KoU8tMvryogdcT8AU+Bflmh81Xn6Q0vTZbQw==}
    engines: {node: '>=12'}
    cpu: [x64]
    os: [darwin]

  '@esbuild/freebsd-arm64@0.17.19':
    resolution: {integrity: sha512-pBwbc7DufluUeGdjSU5Si+P3SoMF5DQ/F/UmTSb8HXO80ZEAJmrykPyzo1IfNbAoaqw48YRpv8shwd1NoI0jcQ==}
    engines: {node: '>=12'}
    cpu: [arm64]
    os: [freebsd]

  '@esbuild/freebsd-x64@0.17.19':
    resolution: {integrity: sha512-4lu+n8Wk0XlajEhbEffdy2xy53dpR06SlzvhGByyg36qJw6Kpfk7cp45DR/62aPH9mtJRmIyrXAS5UWBrJT6TQ==}
    engines: {node: '>=12'}
    cpu: [x64]
    os: [freebsd]

  '@esbuild/linux-arm64@0.17.19':
    resolution: {integrity: sha512-ct1Tg3WGwd3P+oZYqic+YZF4snNl2bsnMKRkb3ozHmnM0dGWuxcPTTntAF6bOP0Sp4x0PjSF+4uHQ1xvxfRKqg==}
    engines: {node: '>=12'}
    cpu: [arm64]
    os: [linux]

  '@esbuild/linux-arm@0.17.19':
    resolution: {integrity: sha512-cdmT3KxjlOQ/gZ2cjfrQOtmhG4HJs6hhvm3mWSRDPtZ/lP5oe8FWceS10JaSJC13GBd4eH/haHnqf7hhGNLerA==}
    engines: {node: '>=12'}
    cpu: [arm]
    os: [linux]

  '@esbuild/linux-ia32@0.17.19':
    resolution: {integrity: sha512-w4IRhSy1VbsNxHRQpeGCHEmibqdTUx61Vc38APcsRbuVgK0OPEnQ0YD39Brymn96mOx48Y2laBQGqgZ0j9w6SQ==}
    engines: {node: '>=12'}
    cpu: [ia32]
    os: [linux]

  '@esbuild/linux-loong64@0.17.19':
    resolution: {integrity: sha512-2iAngUbBPMq439a+z//gE+9WBldoMp1s5GWsUSgqHLzLJ9WoZLZhpwWuym0u0u/4XmZ3gpHmzV84PonE+9IIdQ==}
    engines: {node: '>=12'}
    cpu: [loong64]
    os: [linux]

  '@esbuild/linux-mips64el@0.17.19':
    resolution: {integrity: sha512-LKJltc4LVdMKHsrFe4MGNPp0hqDFA1Wpt3jE1gEyM3nKUvOiO//9PheZZHfYRfYl6AwdTH4aTcXSqBerX0ml4A==}
    engines: {node: '>=12'}
    cpu: [mips64el]
    os: [linux]

  '@esbuild/linux-ppc64@0.17.19':
    resolution: {integrity: sha512-/c/DGybs95WXNS8y3Ti/ytqETiW7EU44MEKuCAcpPto3YjQbyK3IQVKfF6nbghD7EcLUGl0NbiL5Rt5DMhn5tg==}
    engines: {node: '>=12'}
    cpu: [ppc64]
    os: [linux]

  '@esbuild/linux-riscv64@0.17.19':
    resolution: {integrity: sha512-FC3nUAWhvFoutlhAkgHf8f5HwFWUL6bYdvLc/TTuxKlvLi3+pPzdZiFKSWz/PF30TB1K19SuCxDTI5KcqASJqA==}
    engines: {node: '>=12'}
    cpu: [riscv64]
    os: [linux]

  '@esbuild/linux-s390x@0.17.19':
    resolution: {integrity: sha512-IbFsFbxMWLuKEbH+7sTkKzL6NJmG2vRyy6K7JJo55w+8xDk7RElYn6xvXtDW8HCfoKBFK69f3pgBJSUSQPr+4Q==}
    engines: {node: '>=12'}
    cpu: [s390x]
    os: [linux]

  '@esbuild/linux-x64@0.17.19':
    resolution: {integrity: sha512-68ngA9lg2H6zkZcyp22tsVt38mlhWde8l3eJLWkyLrp4HwMUr3c1s/M2t7+kHIhvMjglIBrFpncX1SzMckomGw==}
    engines: {node: '>=12'}
    cpu: [x64]
    os: [linux]

  '@esbuild/netbsd-x64@0.17.19':
    resolution: {integrity: sha512-CwFq42rXCR8TYIjIfpXCbRX0rp1jo6cPIUPSaWwzbVI4aOfX96OXY8M6KNmtPcg7QjYeDmN+DD0Wp3LaBOLf4Q==}
    engines: {node: '>=12'}
    cpu: [x64]
    os: [netbsd]

  '@esbuild/openbsd-x64@0.17.19':
    resolution: {integrity: sha512-cnq5brJYrSZ2CF6c35eCmviIN3k3RczmHz8eYaVlNasVqsNY+JKohZU5MKmaOI+KkllCdzOKKdPs762VCPC20g==}
    engines: {node: '>=12'}
    cpu: [x64]
    os: [openbsd]

  '@esbuild/sunos-x64@0.17.19':
    resolution: {integrity: sha512-vCRT7yP3zX+bKWFeP/zdS6SqdWB8OIpaRq/mbXQxTGHnIxspRtigpkUcDMlSCOejlHowLqII7K2JKevwyRP2rg==}
    engines: {node: '>=12'}
    cpu: [x64]
    os: [sunos]

  '@esbuild/win32-arm64@0.17.19':
    resolution: {integrity: sha512-yYx+8jwowUstVdorcMdNlzklLYhPxjniHWFKgRqH7IFlUEa0Umu3KuYplf1HUZZ422e3NU9F4LGb+4O0Kdcaag==}
    engines: {node: '>=12'}
    cpu: [arm64]
    os: [win32]

  '@esbuild/win32-ia32@0.17.19':
    resolution: {integrity: sha512-eggDKanJszUtCdlVs0RB+h35wNlb5v4TWEkq4vZcmVt5u/HiDZrTXe2bWFQUez3RgNHwx/x4sk5++4NSSicKkw==}
    engines: {node: '>=12'}
    cpu: [ia32]
    os: [win32]

  '@esbuild/win32-x64@0.17.19':
    resolution: {integrity: sha512-lAhycmKnVOuRYNtRtatQR1LPQf2oYCkRGkSFnseDAKPl8lu5SOsK/e1sXe5a0Pc5kHIHe6P2I/ilntNv2xf3cA==}
    engines: {node: '>=12'}
    cpu: [x64]
    os: [win32]

  '@noble/hashes@1.5.0':
    resolution: {integrity: sha512-1j6kQFb7QRru7eKN3ZDvRcP13rugwdxZqCjbiAVZfIJwgj2A65UmT4TgARXGlXgnRkORLTDTrO19ZErt7+QXgA==}
    engines: {node: ^14.21.3 || >=16}

  '@solana/accounts@2.0.0-rc.4':
    resolution: {integrity: sha512-LRznpCi1v/c+Gfp7/6t/kWDzTRZAPmzyr1Id3uRFsjOqGgeHYtdsK7Jw+9KMmO+PUrHqdRIFISZNMty/T17h4g==}
    engines: {node: '>=20.18.0'}
    peerDependencies:
      typescript: '>=5'

  '@solana/addresses@2.0.0-rc.4':
    resolution: {integrity: sha512-AR9g6pZMqCZeH/dShmaqyTQRCgWtZpYPQZYMazA6I5EsrKq1A40Cfxqgb/iMNl/g3vfVunT25UASH3YwBQyL/A==}
    engines: {node: '>=20.18.0'}
    peerDependencies:
      typescript: '>=5'

  '@solana/assertions@2.0.0-rc.4':
    resolution: {integrity: sha512-CkTwoysagNAOjWynNzvrS5842/uDhEBjRbmgYRFurbWNLjo62j3eTYJKgTcMml7nc564Y4gObC5lUwWShGMZ/A==}
    engines: {node: '>=20.18.0'}
    peerDependencies:
      typescript: '>=5'

  '@solana/codecs-core@2.0.0-rc.4':
    resolution: {integrity: sha512-JIrTSps032mSE3wBxW3bXOqWfoy4CMy1CX/XeVCijyh5kLVxZTSDIdRTYdePdL1yzaOZF1Xysvt1DhOUgBdM+A==}
    engines: {node: '>=20.18.0'}
    peerDependencies:
      typescript: '>=5'

  '@solana/codecs-data-structures@2.0.0-rc.4':
    resolution: {integrity: sha512-smF4Z4WCbr3ppoZhhT7/e5XMG6VFSHFPDLsayt4aHUvP1clZAew5uOy0qLY0qdxbttSmfoxXqf2SUFpJw8Jadg==}
    engines: {node: '>=20.18.0'}
    peerDependencies:
      typescript: '>=5'

  '@solana/codecs-numbers@2.0.0-rc.4':
    resolution: {integrity: sha512-ZJR7TaUO65+3Hzo3YOOUCS0wlzh17IW+j0MZC2LCk1R0woaypRpHKj4iSMYeQOZkMxsd9QT3WNvjFrPC2qA6Sw==}
    engines: {node: '>=20.18.0'}
    peerDependencies:
      typescript: '>=5'

  '@solana/codecs-strings@2.0.0-rc.4':
    resolution: {integrity: sha512-LGfK2RL0BKjYYUfzu2FG/gTgCsYOMz9FKVs2ntji6WneZygPxJTV5W98K3J8Rl0JewpCSCFQH3xjLSHBJUS0fA==}
    engines: {node: '>=20.18.0'}
    peerDependencies:
      fastestsmallesttextencoderdecoder: ^1.0.22
      typescript: '>=5'

  '@solana/codecs@2.0.0-rc.4':
    resolution: {integrity: sha512-h9GQGYLfBifzLhyZuef5FUaZGxLW7JNLDlEYCErA7x7Ty2ssF98sswsLsWKcbv5Cz1QsW7A6xGv4PCjvIDOCxQ==}
    engines: {node: '>=20.18.0'}
    peerDependencies:
      typescript: '>=5'

  '@solana/errors@2.0.0-rc.4':
    resolution: {integrity: sha512-0PPaMyB81keEHG/1pnyEuiBVKctbXO641M2w3CIOrYT/wzjunfF0FTxsqq9wYJeYo0AyiefCKGgSPs6wiY2PpQ==}
    engines: {node: '>=20.18.0'}
    hasBin: true
    peerDependencies:
      typescript: '>=5'

  '@solana/fast-stable-stringify@2.0.0-rc.4':
    resolution: {integrity: sha512-5N4S+/EGZw0Y6s2aQPNTpiB2yii2oOcrfPKXSkK4ZR2GqZuA6u6BJiJeUelXeB8P24KMxOZXfzCrkBBpEzYt6w==}
    engines: {node: '>=20.18.0'}
    peerDependencies:
      typescript: '>=5'

  '@solana/functional@2.0.0-rc.4':
    resolution: {integrity: sha512-P/rL15Svl4sREO7tqQ6V/E8zPAlIBGBnA0T75gZYGoSY5644rCiEaFoqyMkXc9l563lj1B5vV5UU8FCPkpPwmQ==}
    engines: {node: '>=20.18.0'}
    peerDependencies:
      typescript: '>=5'

  '@solana/instructions@2.0.0-rc.4':
    resolution: {integrity: sha512-k4KcNfrWQX5Zhij9mn6d10MnHEP4YD9qsG8SQHWTELbyoZt3UjzfzG2aY88ao3VDWz3S9JbFIzA11wjJ0TYFxg==}
    engines: {node: '>=20.18.0'}
    peerDependencies:
      typescript: '>=5'

  '@solana/keys@2.0.0-rc.4':
    resolution: {integrity: sha512-EcepAutaXVwiW0bQZMv2gSUd+gjxL8FrqzX+BeqkfNNe1c4GxtLHOlASOXhPEH/3iGEaz6mfV6Bn5KkctWOeEA==}
    engines: {node: '>=20.18.0'}
    peerDependencies:
      typescript: '>=5'

  '@solana/options@2.0.0-rc.4':
    resolution: {integrity: sha512-5W8aswMBhcdv2pD5lHLdHIZ98ymhQNBmeFncEoVZLTrshf7KqyxZ8xtILcWNCUgOev1+yp9hMTNV9SEgrgyNrQ==}
    engines: {node: '>=20.18.0'}
    peerDependencies:
      typescript: '>=5'

  '@solana/programs@2.0.0-rc.4':
    resolution: {integrity: sha512-aIspYII4+EdOtK2EZaTSYNVxSzn0R1b9Lir7S+PftmzVMLOP3R5MhVb5IJcZRByJngfW227CyKQXh34fg2wWOg==}
    engines: {node: '>=20.18.0'}
    peerDependencies:
      typescript: '>=5'

  '@solana/promises@2.0.0-rc.4':
    resolution: {integrity: sha512-NIY7rdtpw+le0P2vgXigJiGI54fE/bLpyiIKHfyYyjyTzCph8TmoHPX2Y/mmkmlri54tu5BM/X0UbIoXVi2dpw==}
    engines: {node: '>=20.18.0'}
    peerDependencies:
      typescript: '>=5'

  '@solana/rpc-api@2.0.0-rc.4':
    resolution: {integrity: sha512-z6KyTvVd0WkXb8WhuLAF3vLstdGl5+FVQTgxu1BbBD94bBEUC8Zg7sZuT0AS/Qdgo4Bt/oNcgXsD2DbFmb0HpQ==}
    engines: {node: '>=20.18.0'}
    peerDependencies:
      typescript: '>=5'

  '@solana/rpc-parsed-types@2.0.0-rc.4':
    resolution: {integrity: sha512-UvNcfi5S6WI54/t7TFi1sgdvl9wFLnk7Rmwsuq/UksAx9FuN+bdZvywkXYioh5PkcZxaDTaupnNoGRPDFxW87g==}
    engines: {node: '>=20.18.0'}
    peerDependencies:
      typescript: '>=5'

  '@solana/rpc-spec-types@2.0.0-rc.4':
    resolution: {integrity: sha512-xmyh8+xvOcm6OgxFzHNLNWs8zSjV1xOFrTtE4g44QArmzEYylzoP9bFBUEoaZvBG9ACAvT2scvwhUEREFXRAWg==}
    engines: {node: '>=20.18.0'}
    peerDependencies:
      typescript: '>=5'

  '@solana/rpc-spec@2.0.0-rc.4':
    resolution: {integrity: sha512-SuME1MDYwotEDCBh0gKV50Zp2IJE/gEZc04MZBgEtEsyqB8mg9DL7PRSANJhGtx7b5gX31xw5sJmGlPHp/oUEA==}
    engines: {node: '>=20.18.0'}
    peerDependencies:
      typescript: '>=5'

  '@solana/rpc-subscriptions-api@2.0.0-rc.4':
    resolution: {integrity: sha512-4TOOlYGIOqKI3vBRjQz8dZYKjExQhBUDrO1USOUm/s6GAMkNY5TVmlqvQxzo7BlsJu8f7cpK8RrQap/Ej9jHOQ==}
    engines: {node: '>=20.18.0'}
    peerDependencies:
      typescript: '>=5'

  '@solana/rpc-subscriptions-channel-websocket@2.0.0-rc.4':
    resolution: {integrity: sha512-Rj8vb+f5gXrJ2KBA1+gJ1eXnjawG2vNtuL/WWd/CD1xEzmBV9oFXbzcGG7tTLsQWSM9+BcgiMGhhKg5DCnpWcQ==}
    engines: {node: '>=20.18.0'}
    peerDependencies:
      typescript: '>=5'
      ws: ^8.18.0

  '@solana/rpc-subscriptions-spec@2.0.0-rc.4':
    resolution: {integrity: sha512-B0C8TYiErD34YMgdk9fmbzTti8Xo8JFYuF/2acFRD1WPLVE3UrEJSjxrmj7Lv/bO40wHvWrhUtHtzo37s9anAA==}
    engines: {node: '>=20.18.0'}
    peerDependencies:
      typescript: '>=5'

  '@solana/rpc-subscriptions@2.0.0-rc.4':
    resolution: {integrity: sha512-9fRn2/mr6a+7hknWaqA39lSN2hO1qOIQzaOz7zql5Gj1jKM5yorgqlXBdTuCi6pRn5zni9c4yz8fU6jVJQZnGA==}
    engines: {node: '>=20.18.0'}
    peerDependencies:
      typescript: '>=5'

  '@solana/rpc-transformers@2.0.0-rc.4':
    resolution: {integrity: sha512-KpLkW6V/eAuQvZCdvCCNvcYQvq8XCxwCNmY6Y+ZJYU4EWCdMppGe4p+JJVL6buRRSGrTBW+muLhKKDsZdx/4VQ==}
    engines: {node: '>=20.18.0'}
    peerDependencies:
      typescript: '>=5'

  '@solana/rpc-transport-http@2.0.0-rc.4':
    resolution: {integrity: sha512-Xu6+uEPYHPF8gAJ6KsmGXqtA02Dbv9mKykf0nazt91YP66k4HYF8PaYLbGSrNR76o4TewdbqFJlipSceMJb86w==}
    engines: {node: '>=20.18.0'}
    peerDependencies:
      typescript: '>=5'

  '@solana/rpc-types@2.0.0-rc.4':
    resolution: {integrity: sha512-uSWW/VndwYF29gpvKxWo0skTxrsCKl+fYmeJz5mduIULjhr5SFdgchgb4KCcAlUMgFn4HJuwALJVHpUg0Wv10Q==}
    engines: {node: '>=20.18.0'}
    peerDependencies:
      typescript: '>=5'

  '@solana/rpc@2.0.0-rc.4':
    resolution: {integrity: sha512-YqQPf1raKUdle6iiEPQavaCdXCaX2XxHJIeZQ93lTvwuntoQUK8yAbT4go6eYQRwgL2SnR/0C4p5fnv8f/vR/A==}
    engines: {node: '>=20.18.0'}
    peerDependencies:
      typescript: '>=5'

  '@solana/signers@2.0.0-rc.4':
    resolution: {integrity: sha512-4Wm8BsXkEpiomgmsthOregxIJibL2KIzMp2NbsTQMuzB3HzRv6ATtHoiQACqnsUm0hfTV217lE/GeJdYyqHCIA==}
    engines: {node: '>=20.18.0'}
    peerDependencies:
      typescript: '>=5'

  '@solana/subscribable@2.0.0-rc.4':
    resolution: {integrity: sha512-ZMEL0P/kdpKeqpPI/r/zV0aCqpA2LKzd94DVOSHgDGRFWfvotRl197PInU5rcsFH1VmPsuoFH68SZYV4+2DC9Q==}
    engines: {node: '>=20.18.0'}
    peerDependencies:
      typescript: '>=5'

  '@solana/sysvars@2.0.0-rc.4':
    resolution: {integrity: sha512-z4XVv308IQL9RkGDPkACr2GHUrM/czzsXuv1kUscfmZmvmY77RQqaC85UYow0+opghnDpmEEssZRaWjMeVvkYw==}
    engines: {node: '>=20.18.0'}
    peerDependencies:
      typescript: '>=5'

  '@solana/transaction-confirmation@2.0.0-rc.4':
    resolution: {integrity: sha512-ImBMZ+vkMglDECUEr8SFZw+V0Bm5TrCmNUAMqlfOgGO8v8pQUaVql0V9/KjiXu12TUYEcDZqp0PDLQ+D4I8aFg==}
    engines: {node: '>=20.18.0'}
    peerDependencies:
      typescript: '>=5'

  '@solana/transaction-messages@2.0.0-rc.4':
    resolution: {integrity: sha512-zdeNIb6EtD9faVzEEfXm7Td+u5ifNCxF1/QBF6oURxaUcfX7bGXJ/P3VM0wAQ80t5zBQeqm2qzUkfEvf07NllQ==}
    engines: {node: '>=20.18.0'}
    peerDependencies:
      typescript: '>=5'

  '@solana/transactions@2.0.0-rc.4':
    resolution: {integrity: sha512-n2TQ59S/SQ+LCyTgOZNXGT9gYMbMj+XeH2eMXFbg6ETs7Bhn0DE1lIfHQCq9m6JQEJ2lgH9NYFU+QDd3LGLUog==}
    engines: {node: '>=20.18.0'}
    peerDependencies:
      typescript: '>=5'

  '@solana/web3.js@2.0.0-rc.4':
    resolution: {integrity: sha512-w1r5MjLd+6roeqMc0Dght4tLco3W9Zdoq56FnSKnbcP7Ji/L6VTdFJttf8vaIAAMDyUH5aH1yLxHrqCIW1kbrw==}
    engines: {node: '>=20.18.0'}
    peerDependencies:
      typescript: '>=5'

  '@types/node@22.9.0':
    resolution: {integrity: sha512-vuyHg81vvWA1Z1ELfvLko2c8f34gyA0zaic0+Rllc5lbCnbSyuvb2Oxpm6TAUAC/2xZN3QGqxBNggD1nNR2AfQ==}

  a-sync-waterfall@1.0.1:
    resolution: {integrity: sha512-RYTOHHdWipFUliRFMCS4X2Yn2X8M87V/OpSqWzKKOGhzqyUxzyVmhHDH9sAvG+ZuQf/TAOFsLCpMw09I1ufUnA==}

  anymatch@3.1.3:
    resolution: {integrity: sha512-KMReFUr0B4t+D+OBkjR3KYqvocp2XaSzO55UcB6mgQMd3KbcE+mWTyvVV7D/zsdEbNnV6acZUutkiHQXvTr1Rw==}
    engines: {node: '>= 8'}

  asap@2.0.6:
    resolution: {integrity: sha512-BSHWgDSAiKs50o2Re8ppvp3seVHXSRM44cdSsT9FfNEUUZLOGWVCsiWaRPWM1Znn+mqZ1OfVZ3z3DWEzSp7hRA==}

  binary-extensions@2.3.0:
    resolution: {integrity: sha512-Ceh+7ox5qe7LJuLHoY0feh3pHuUDHAcRUeyL2VYghZwfpkNIy/+8Ocg0a3UuSoYzavmylwuLWQOf3hl0jjMMIw==}
    engines: {node: '>=8'}

  braces@3.0.3:
    resolution: {integrity: sha512-yQbXgO/OSZVD2IsiLlro+7Hf6Q18EJrKSEsdoMzKePKXct3gvD8oLcOQdIzGupr5Fj+EDe8gO/lxc1BzfMpxvA==}
    engines: {node: '>=8'}

  call-bind@1.0.7:
    resolution: {integrity: sha512-GHTSNSYICQ7scH7sZ+M2rFopRoLh8t2bLSW6BbgrtLsahOIB5iyAVJf9GjWK3cYTDaMj4XdBpM1cA6pIS0Kv2w==}
    engines: {node: '>= 0.4'}

  chalk@5.3.0:
    resolution: {integrity: sha512-dLitG79d+GV1Nb/VYcCDFivJeK1hiukt9QjRNVOsUtTy1rR1YJsmpGGTZ3qJos+uw7WmWF4wUwBd9jxjocFC2w==}
    engines: {node: ^12.17.0 || ^14.13 || >=16.0.0}

  chokidar@3.6.0:
    resolution: {integrity: sha512-7VT13fmjotKpGipCW9JEQAusEPE+Ei8nl6/g4FBAmIm0GOOLMua9NDDo/DWp0ZAxCr3cPq5ZpBqmPAQgDda2Pw==}
    engines: {node: '>= 8.10.0'}

  codama@1.1.0:
    resolution: {integrity: sha512-dr0iTND6q9goY0CwNmX5tk53iJ/KhziN/js/x2g4Dvl5K6tUGy+iR20yeBYw8lq1rwUDIocOEgKVq/HcKOI9yA==}

  commander@12.1.0:
    resolution: {integrity: sha512-Vw8qHK3bZM9y/P10u3Vib8o/DdkvA2OtPtZvD871QKjy74Wj1WSKFILMPRPSdUSx5RFK1arlJzEtA4PkFgnbuA==}
    engines: {node: '>=18'}

  commander@5.1.0:
    resolution: {integrity: sha512-P0CysNDQ7rtVw4QIQtm+MRxV66vKFSvlsQvGYXZWR3qFU0jlMKHZZZgw8e+8DSah4UDKMqnknRDQz+xuQXQ/Zg==}
    engines: {node: '>= 6'}

  define-data-property@1.1.4:
    resolution: {integrity: sha512-rBMvIzlpA8v6E+SJZoo++HAYqsLrkg7MSfIinMPFhmkorw7X+dOXVJQs+QT69zGkzMyfDnIMN2Wid1+NbL3T+A==}
    engines: {node: '>= 0.4'}

  dotenv@16.4.5:
    resolution: {integrity: sha512-ZmdL2rui+eB2YwhsWzjInR8LldtZHGDoQ1ugH85ppHKwpUHL7j7rN0Ti9NCnGiQbhaZ11FpR+7ao1dNsmduNUg==}
    engines: {node: '>=12'}

  es-define-property@1.0.0:
    resolution: {integrity: sha512-jxayLKShrEqqzJ0eumQbVhTYQM27CfT1T35+gCgDFoL82JLsXqTJ76zv6A0YLOgEnLUMvLzsDsGIrl8NFpT2gQ==}
    engines: {node: '>= 0.4'}

  es-errors@1.3.0:
    resolution: {integrity: sha512-Zf5H2Kxt2xjTvbJvP2ZWLEICxA6j+hAmMzIlypy4xcBg1vKVnx89Wy0GbS+kf5cwCVFFzdCFh2XSCFNULS6csw==}
    engines: {node: '>= 0.4'}

  esbuild@0.17.19:
    resolution: {integrity: sha512-XQ0jAPFkK/u3LcVRcvVHQcTIqD6E2H1fvZMA5dQPSOWb3suUbWbfbRf94pjc0bNzRYLfIrDRQXr7X+LHIm5oHw==}
    engines: {node: '>=12'}
    hasBin: true

  fastestsmallesttextencoderdecoder@1.0.22:
    resolution: {integrity: sha512-Pb8d48e+oIuY4MaM64Cd7OW1gt4nxCHs7/ddPPZ/Ic3sg8yVGM7O9wDvZ7us6ScaUupzM+pfBolwtYhN1IxBIw==}

  fill-range@7.1.1:
    resolution: {integrity: sha512-YsGpe3WHLK8ZYi4tWDg2Jy3ebRz2rXowDxnld4bkQB00cc/1Zw9AWnC0i9ztDJitivtQvaI9KaLyKrc+hBW0yg==}
    engines: {node: '>=8'}

  fsevents@2.3.3:
    resolution: {integrity: sha512-5xoDfX+fL7faATnagmWPpbFtwh/R77WmMMqqHGS65C3vvB0YHrgF+B1YmZ3441tMj5n63k0212XNoJwzlhffQw==}
    engines: {node: ^8.16.0 || ^10.6.0 || >=11.0.0}
    os: [darwin]

  function-bind@1.1.2:
    resolution: {integrity: sha512-7XHNxH7qX9xG5mIwxkhumTox/MIRNcOgDrxWsMt2pAr23WHp6MrRlN7FBSFpCpr+oVO0F744iUgR82nJMfG2SA==}

  get-intrinsic@1.2.4:
    resolution: {integrity: sha512-5uYhsJH8VJBTv7oslg4BznJYhDoRI6waYCxMmCdnTrcCrHA/fCFKoTFz2JKKE0HdDFUF7/oQuhzumXJK7paBRQ==}
    engines: {node: '>= 0.4'}

  glob-parent@5.1.2:
    resolution: {integrity: sha512-AOIgSQCepiJYwP3ARnGx+5VnTu2HBYdzbGP45eLw1vr3zB3vZLeyed1sC9hnbcOc9/SrMyM5RPQrkGz4aS9Zow==}
    engines: {node: '>= 6'}

  gopd@1.0.1:
    resolution: {integrity: sha512-d65bNlIadxvpb/A2abVdlqKqV563juRnZ1Wtk6s1sIR8uNsXR70xqIzVqxVf1eTqDunwT2MkczEeaezCKTZhwA==}

  has-property-descriptors@1.0.2:
    resolution: {integrity: sha512-55JNKuIW+vq4Ke1BjOTjM2YctQIvCT7GFzHwmfZPGo5wnrgkid0YQtnAleFSqumZm4az3n2BS+erby5ipJdgrg==}

  has-proto@1.0.3:
    resolution: {integrity: sha512-SJ1amZAJUiZS+PhsVLf5tGydlaVB8EdFpaSO4gmiUKUOxk8qzn5AIy4ZeJUmh22znIdk/uMAUT2pl3FxzVUH+Q==}
    engines: {node: '>= 0.4'}

  has-symbols@1.0.3:
    resolution: {integrity: sha512-l3LCuF6MgDNwTDKkdYGEihYjt5pRPbEg46rtlmnSPlUbgmB8LOIrKJbYYFBSbnPaJexMKtiPO8hmeRjRz2Td+A==}
    engines: {node: '>= 0.4'}

  hasown@2.0.2:
    resolution: {integrity: sha512-0hJU9SCPvmMzIBdZFqNPXWa6dqh7WdH0cII9y+CyS8rG3nL48Bclra9HmKhVVUHyPWNH5Y7xDwAB7bfgSjkUMQ==}
    engines: {node: '>= 0.4'}

  is-binary-path@2.1.0:
    resolution: {integrity: sha512-ZMERYes6pDydyuGidse7OsHxtbI7WVeUEozgR/g7rd0xUimYNlvZRE/K2MgZTjWy725IfelLeVcEM97mmtRGXw==}
    engines: {node: '>=8'}

  is-extglob@2.1.1:
    resolution: {integrity: sha512-SbKbANkN603Vi4jEZv49LeVJMn4yGwsbzZworEoyEiutsN3nJYdbO36zfhGJ6QEDpOZIFkDtnq5JRxmvl3jsoQ==}
    engines: {node: '>=0.10.0'}

  is-glob@4.0.3:
    resolution: {integrity: sha512-xelSayHH36ZgE7ZWhli7pW34hNbNl8Ojv5KVmkJD4hBdD3th8Tfk9vYasLM+mXWOZhFkgZfxhLSnrwRr4elSSg==}
    engines: {node: '>=0.10.0'}

  is-number@7.0.0:
    resolution: {integrity: sha512-41Cifkg6e8TylSpdtTpeLVMqvSBEVzTttHvERD741+pnZ8ANv0004MRL43QKPDlK9cGvNp6NZWZUBlbGXYxxng==}
    engines: {node: '>=0.12.0'}

  isarray@2.0.5:
    resolution: {integrity: sha512-xHjhDr3cNBK0BzdUJSPXZntQUx/mwMS5Rw4A7lPJ90XGAO6ISP/ePDNuo0vhqOZU+UD5JoodwCAAoZQd3FeAKw==}

  json-stable-stringify@1.1.1:
    resolution: {integrity: sha512-SU/971Kt5qVQfJpyDveVhQ/vya+5hvrjClFOcr8c0Fq5aODJjMwutrOfCU+eCnVD5gpx1Q3fEqkyom77zH1iIg==}
    engines: {node: '>= 0.4'}

  jsonify@0.0.1:
    resolution: {integrity: sha512-2/Ki0GcmuqSrgFyelQq9M05y7PS0mEwuIzrf3f1fPqkVDVRvZrPZtVSMHxdgo8Aq0sxAOb/cr2aqqA3LeWHVPg==}

  normalize-path@3.0.0:
    resolution: {integrity: sha512-6eZs5Ls3WtCisHWp9S2GUy8dqkpGi4BVSz3GaqiE6ezub0512ESztXUwUB6C6IKbQkY2Pnb/mD4WYojCRwcwLA==}
    engines: {node: '>=0.10.0'}

  nunjucks@3.2.4:
    resolution: {integrity: sha512-26XRV6BhkgK0VOxfbU5cQI+ICFUtMLixv1noZn1tGU38kQH5A5nmmbk/O45xdyBhD1esk47nKrY0mvQpZIhRjQ==}
    engines: {node: '>= 6.9.0'}
    hasBin: true
    peerDependencies:
      chokidar: ^3.3.0
    peerDependenciesMeta:
      chokidar:
        optional: true

  object-keys@1.1.1:
    resolution: {integrity: sha512-NuAESUOUMrlIXOfHKzD6bpPu3tYt3xvjNdRIQ+FeT0lNb4K8WR70CaDxhuNguS2XG+GjkyMwOzsN5ZktImfhLA==}
    engines: {node: '>= 0.4'}

  picomatch@2.3.1:
    resolution: {integrity: sha512-JU3teHTNjmE2VCGFzuY8EXzCDVwEqB2a8fsIvwaStHhAWJEeVd1o1QD80CU6+ZdEXXSLbSsuLwJjkCBWqRQUVA==}
    engines: {node: '>=8.6'}

  prettier@3.3.3:
    resolution: {integrity: sha512-i2tDNA0O5IrMO757lfrdQZCc2jPNDVntV0m/+4whiDfWaTKfMNgR7Qz0NAeGz/nRqF4m5/6CLzbP4/liHt12Ew==}
    engines: {node: '>=14'}
    hasBin: true

  readdirp@3.6.0:
    resolution: {integrity: sha512-hOS089on8RduqdbhvQ5Z37A0ESjsqz6qnRcffsMU3495FuTdqSm+7bhJ29JvIOsBDEEnan5DPu9t3To9VRlMzA==}
    engines: {node: '>=8.10.0'}

  set-function-length@1.2.2:
    resolution: {integrity: sha512-pgRc4hJ4/sNjWCSS9AmnS40x3bNMDTknHgL5UaMBTMyJnU90EgWh1Rz+MC9eFu4BuN/UwZjKQuY/1v3rM7HMfg==}
    engines: {node: '>= 0.4'}

  to-regex-range@5.0.1:
    resolution: {integrity: sha512-65P7iz6X5yEr1cwcgvQxbbIw7Uk3gOy5dIdtZ4rDveLqhrdJP+Li/Hx6tyK0NEb+2GCyneCMJiGqrADCSNk8sQ==}
    engines: {node: '>=8.0'}

  typescript@5.6.3:
    resolution: {integrity: sha512-hjcS1mhfuyi4WW8IWtjP7brDrG2cuDZukyrYrSauoXGNgx0S7zceP07adYkJycEr56BOUTNPzbInooiN3fn1qw==}
    engines: {node: '>=14.17'}
    hasBin: true

  undici-types@6.19.8:
    resolution: {integrity: sha512-ve2KP6f/JnbPBFyobGHuerC9g1FYGn/F8n1LWTwNxCEzd6IfqTwUQcNXgEtmmQ6DlRrC1hrSrBnCZPokRrDHjw==}

  undici-types@6.20.0:
    resolution: {integrity: sha512-Ny6QZ2Nju20vw1SRHe3d9jVu6gJ+4e3+MMpqu7pqE5HT6WsTSlce++GQmK5UXS8mzV8DSYHrQH+Xrf2jVcuKNg==}

  ws@8.18.0:
    resolution: {integrity: sha512-8VbfWfHLbbwu3+N6OKsOMpBdT4kXPDDB9cJk2bJ6mh9ucxdlnNvH1e+roYkKmN9Nxw2yjz7VzeO9oOz2zJ04Pw==}
    engines: {node: '>=10.0.0'}
    peerDependencies:
      bufferutil: ^4.0.1
      utf-8-validate: '>=5.0.2'
    peerDependenciesMeta:
      bufferutil:
        optional: true
      utf-8-validate:
        optional: true

snapshots:

  '@codama/errors@1.1.0':
    dependencies:
      '@codama/node-types': 1.1.0
      chalk: 5.3.0
      commander: 12.1.0

  '@codama/node-types@1.1.0': {}

  '@codama/nodes-from-anchor@1.0.1':
    dependencies:
      '@codama/errors': 1.1.0
      '@codama/nodes': 1.1.0
      '@codama/visitors': 1.1.0
      '@noble/hashes': 1.5.0

  '@codama/nodes@1.1.0':
    dependencies:
      '@codama/errors': 1.1.0
      '@codama/node-types': 1.1.0

  '@codama/renderers-core@1.0.1':
    dependencies:
      '@codama/errors': 1.1.0
      '@codama/nodes': 1.1.0
      '@codama/visitors-core': 1.1.0

  '@codama/renderers-js@1.1.0(chokidar@3.6.0)(fastestsmallesttextencoderdecoder@1.0.22)(typescript@5.6.3)':
    dependencies:
      '@codama/errors': 1.1.0
      '@codama/nodes': 1.1.0
      '@codama/nodes-from-anchor': 1.0.1
      '@codama/renderers-core': 1.0.1
      '@codama/visitors-core': 1.1.0
      '@solana/codecs-strings': 2.0.0-rc.4(fastestsmallesttextencoderdecoder@1.0.22)(typescript@5.6.3)
      nunjucks: 3.2.4(chokidar@3.6.0)
      prettier: 3.3.3
    transitivePeerDependencies:
      - chokidar
      - fastestsmallesttextencoderdecoder
      - typescript

  '@codama/renderers-rust@1.0.4(chokidar@3.6.0)(fastestsmallesttextencoderdecoder@1.0.22)(typescript@5.6.3)':
    dependencies:
      '@codama/errors': 1.1.0
      '@codama/nodes': 1.1.0
      '@codama/renderers-core': 1.0.1
      '@codama/visitors-core': 1.1.0
      '@solana/codecs-strings': 2.0.0-rc.4(fastestsmallesttextencoderdecoder@1.0.22)(typescript@5.6.3)
      nunjucks: 3.2.4(chokidar@3.6.0)
    transitivePeerDependencies:
      - chokidar
      - fastestsmallesttextencoderdecoder
      - typescript

  '@codama/validators@1.1.0':
    dependencies:
      '@codama/errors': 1.1.0
      '@codama/nodes': 1.1.0
      '@codama/visitors-core': 1.1.0

  '@codama/visitors-core@1.1.0':
    dependencies:
      '@codama/errors': 1.1.0
      '@codama/nodes': 1.1.0
      json-stable-stringify: 1.1.1

  '@codama/visitors@1.1.0':
    dependencies:
      '@codama/errors': 1.1.0
      '@codama/nodes': 1.1.0
      '@codama/visitors-core': 1.1.0

  '@digitak/esrun@3.2.26':
    dependencies:
      '@digitak/grubber': 3.1.4
      chokidar: 3.6.0
      esbuild: 0.17.19

  '@digitak/grubber@3.1.4': {}

  '@esbuild/android-arm64@0.17.19':
    optional: true

  '@esbuild/android-arm@0.17.19':
    optional: true

  '@esbuild/android-x64@0.17.19':
    optional: true

  '@esbuild/darwin-arm64@0.17.19':
    optional: true

  '@esbuild/darwin-x64@0.17.19':
    optional: true

  '@esbuild/freebsd-arm64@0.17.19':
    optional: true

  '@esbuild/freebsd-x64@0.17.19':
    optional: true

  '@esbuild/linux-arm64@0.17.19':
    optional: true

  '@esbuild/linux-arm@0.17.19':
    optional: true

  '@esbuild/linux-ia32@0.17.19':
    optional: true

  '@esbuild/linux-loong64@0.17.19':
    optional: true

  '@esbuild/linux-mips64el@0.17.19':
    optional: true

  '@esbuild/linux-ppc64@0.17.19':
    optional: true

  '@esbuild/linux-riscv64@0.17.19':
    optional: true

  '@esbuild/linux-s390x@0.17.19':
    optional: true

  '@esbuild/linux-x64@0.17.19':
    optional: true

  '@esbuild/netbsd-x64@0.17.19':
    optional: true

  '@esbuild/openbsd-x64@0.17.19':
    optional: true

  '@esbuild/sunos-x64@0.17.19':
    optional: true

  '@esbuild/win32-arm64@0.17.19':
    optional: true

  '@esbuild/win32-ia32@0.17.19':
    optional: true

  '@esbuild/win32-x64@0.17.19':
    optional: true

  '@noble/hashes@1.5.0': {}

  '@solana/accounts@2.0.0-rc.4(fastestsmallesttextencoderdecoder@1.0.22)(typescript@5.6.3)':
    dependencies:
      '@solana/addresses': 2.0.0-rc.4(fastestsmallesttextencoderdecoder@1.0.22)(typescript@5.6.3)
      '@solana/codecs-core': 2.0.0-rc.4(typescript@5.6.3)
      '@solana/codecs-strings': 2.0.0-rc.4(fastestsmallesttextencoderdecoder@1.0.22)(typescript@5.6.3)
      '@solana/errors': 2.0.0-rc.4(typescript@5.6.3)
      '@solana/rpc-spec': 2.0.0-rc.4(typescript@5.6.3)
      '@solana/rpc-types': 2.0.0-rc.4(fastestsmallesttextencoderdecoder@1.0.22)(typescript@5.6.3)
      typescript: 5.6.3
    transitivePeerDependencies:
      - fastestsmallesttextencoderdecoder

  '@solana/addresses@2.0.0-rc.4(fastestsmallesttextencoderdecoder@1.0.22)(typescript@5.6.3)':
    dependencies:
      '@solana/assertions': 2.0.0-rc.4(typescript@5.6.3)
      '@solana/codecs-core': 2.0.0-rc.4(typescript@5.6.3)
      '@solana/codecs-strings': 2.0.0-rc.4(fastestsmallesttextencoderdecoder@1.0.22)(typescript@5.6.3)
      '@solana/errors': 2.0.0-rc.4(typescript@5.6.3)
      typescript: 5.6.3
    transitivePeerDependencies:
      - fastestsmallesttextencoderdecoder

  '@solana/assertions@2.0.0-rc.4(typescript@5.6.3)':
    dependencies:
      '@solana/errors': 2.0.0-rc.4(typescript@5.6.3)
      typescript: 5.6.3

  '@solana/codecs-core@2.0.0-rc.4(typescript@5.6.3)':
    dependencies:
      '@solana/errors': 2.0.0-rc.4(typescript@5.6.3)
      typescript: 5.6.3

  '@solana/codecs-data-structures@2.0.0-rc.4(typescript@5.6.3)':
    dependencies:
      '@solana/codecs-core': 2.0.0-rc.4(typescript@5.6.3)
      '@solana/codecs-numbers': 2.0.0-rc.4(typescript@5.6.3)
      '@solana/errors': 2.0.0-rc.4(typescript@5.6.3)
      typescript: 5.6.3

  '@solana/codecs-numbers@2.0.0-rc.4(typescript@5.6.3)':
    dependencies:
      '@solana/codecs-core': 2.0.0-rc.4(typescript@5.6.3)
      '@solana/errors': 2.0.0-rc.4(typescript@5.6.3)
      typescript: 5.6.3

  '@solana/codecs-strings@2.0.0-rc.4(fastestsmallesttextencoderdecoder@1.0.22)(typescript@5.6.3)':
    dependencies:
      '@solana/codecs-core': 2.0.0-rc.4(typescript@5.6.3)
      '@solana/codecs-numbers': 2.0.0-rc.4(typescript@5.6.3)
      '@solana/errors': 2.0.0-rc.4(typescript@5.6.3)
      fastestsmallesttextencoderdecoder: 1.0.22
      typescript: 5.6.3

  '@solana/codecs@2.0.0-rc.4(fastestsmallesttextencoderdecoder@1.0.22)(typescript@5.6.3)':
    dependencies:
      '@solana/codecs-core': 2.0.0-rc.4(typescript@5.6.3)
      '@solana/codecs-data-structures': 2.0.0-rc.4(typescript@5.6.3)
      '@solana/codecs-numbers': 2.0.0-rc.4(typescript@5.6.3)
      '@solana/codecs-strings': 2.0.0-rc.4(fastestsmallesttextencoderdecoder@1.0.22)(typescript@5.6.3)
      '@solana/options': 2.0.0-rc.4(fastestsmallesttextencoderdecoder@1.0.22)(typescript@5.6.3)
      typescript: 5.6.3
    transitivePeerDependencies:
      - fastestsmallesttextencoderdecoder

  '@solana/errors@2.0.0-rc.4(typescript@5.6.3)':
    dependencies:
      chalk: 5.3.0
      commander: 12.1.0
      typescript: 5.6.3

  '@solana/fast-stable-stringify@2.0.0-rc.4(typescript@5.6.3)':
    dependencies:
      typescript: 5.6.3

  '@solana/functional@2.0.0-rc.4(typescript@5.6.3)':
    dependencies:
      typescript: 5.6.3

  '@solana/instructions@2.0.0-rc.4(typescript@5.6.3)':
    dependencies:
      '@solana/errors': 2.0.0-rc.4(typescript@5.6.3)
      typescript: 5.6.3

  '@solana/keys@2.0.0-rc.4(fastestsmallesttextencoderdecoder@1.0.22)(typescript@5.6.3)':
    dependencies:
      '@solana/assertions': 2.0.0-rc.4(typescript@5.6.3)
      '@solana/codecs-core': 2.0.0-rc.4(typescript@5.6.3)
      '@solana/codecs-strings': 2.0.0-rc.4(fastestsmallesttextencoderdecoder@1.0.22)(typescript@5.6.3)
      '@solana/errors': 2.0.0-rc.4(typescript@5.6.3)
      typescript: 5.6.3
    transitivePeerDependencies:
      - fastestsmallesttextencoderdecoder

  '@solana/options@2.0.0-rc.4(fastestsmallesttextencoderdecoder@1.0.22)(typescript@5.6.3)':
    dependencies:
      '@solana/codecs-core': 2.0.0-rc.4(typescript@5.6.3)
      '@solana/codecs-data-structures': 2.0.0-rc.4(typescript@5.6.3)
      '@solana/codecs-numbers': 2.0.0-rc.4(typescript@5.6.3)
      '@solana/codecs-strings': 2.0.0-rc.4(fastestsmallesttextencoderdecoder@1.0.22)(typescript@5.6.3)
      '@solana/errors': 2.0.0-rc.4(typescript@5.6.3)
      typescript: 5.6.3
    transitivePeerDependencies:
      - fastestsmallesttextencoderdecoder

  '@solana/programs@2.0.0-rc.4(fastestsmallesttextencoderdecoder@1.0.22)(typescript@5.6.3)':
    dependencies:
      '@solana/addresses': 2.0.0-rc.4(fastestsmallesttextencoderdecoder@1.0.22)(typescript@5.6.3)
      '@solana/errors': 2.0.0-rc.4(typescript@5.6.3)
      typescript: 5.6.3
    transitivePeerDependencies:
      - fastestsmallesttextencoderdecoder

  '@solana/promises@2.0.0-rc.4(typescript@5.6.3)':
    dependencies:
      typescript: 5.6.3

  '@solana/rpc-api@2.0.0-rc.4(fastestsmallesttextencoderdecoder@1.0.22)(typescript@5.6.3)':
    dependencies:
      '@solana/addresses': 2.0.0-rc.4(fastestsmallesttextencoderdecoder@1.0.22)(typescript@5.6.3)
      '@solana/codecs-core': 2.0.0-rc.4(typescript@5.6.3)
      '@solana/codecs-strings': 2.0.0-rc.4(fastestsmallesttextencoderdecoder@1.0.22)(typescript@5.6.3)
      '@solana/errors': 2.0.0-rc.4(typescript@5.6.3)
      '@solana/keys': 2.0.0-rc.4(fastestsmallesttextencoderdecoder@1.0.22)(typescript@5.6.3)
      '@solana/rpc-parsed-types': 2.0.0-rc.4(typescript@5.6.3)
      '@solana/rpc-spec': 2.0.0-rc.4(typescript@5.6.3)
      '@solana/rpc-transformers': 2.0.0-rc.4(fastestsmallesttextencoderdecoder@1.0.22)(typescript@5.6.3)
      '@solana/rpc-types': 2.0.0-rc.4(fastestsmallesttextencoderdecoder@1.0.22)(typescript@5.6.3)
      '@solana/transaction-messages': 2.0.0-rc.4(fastestsmallesttextencoderdecoder@1.0.22)(typescript@5.6.3)
      '@solana/transactions': 2.0.0-rc.4(fastestsmallesttextencoderdecoder@1.0.22)(typescript@5.6.3)
      typescript: 5.6.3
    transitivePeerDependencies:
      - fastestsmallesttextencoderdecoder

  '@solana/rpc-parsed-types@2.0.0-rc.4(typescript@5.6.3)':
    dependencies:
      typescript: 5.6.3

  '@solana/rpc-spec-types@2.0.0-rc.4(typescript@5.6.3)':
    dependencies:
      typescript: 5.6.3

  '@solana/rpc-spec@2.0.0-rc.4(typescript@5.6.3)':
    dependencies:
      '@solana/errors': 2.0.0-rc.4(typescript@5.6.3)
      '@solana/rpc-spec-types': 2.0.0-rc.4(typescript@5.6.3)
      typescript: 5.6.3

  '@solana/rpc-subscriptions-api@2.0.0-rc.4(fastestsmallesttextencoderdecoder@1.0.22)(typescript@5.6.3)':
    dependencies:
      '@solana/addresses': 2.0.0-rc.4(fastestsmallesttextencoderdecoder@1.0.22)(typescript@5.6.3)
      '@solana/keys': 2.0.0-rc.4(fastestsmallesttextencoderdecoder@1.0.22)(typescript@5.6.3)
      '@solana/rpc-subscriptions-spec': 2.0.0-rc.4(typescript@5.6.3)
      '@solana/rpc-transformers': 2.0.0-rc.4(fastestsmallesttextencoderdecoder@1.0.22)(typescript@5.6.3)
      '@solana/rpc-types': 2.0.0-rc.4(fastestsmallesttextencoderdecoder@1.0.22)(typescript@5.6.3)
      '@solana/transaction-messages': 2.0.0-rc.4(fastestsmallesttextencoderdecoder@1.0.22)(typescript@5.6.3)
      '@solana/transactions': 2.0.0-rc.4(fastestsmallesttextencoderdecoder@1.0.22)(typescript@5.6.3)
      typescript: 5.6.3
    transitivePeerDependencies:
      - fastestsmallesttextencoderdecoder

  '@solana/rpc-subscriptions-channel-websocket@2.0.0-rc.4(typescript@5.6.3)(ws@8.18.0)':
    dependencies:
      '@solana/errors': 2.0.0-rc.4(typescript@5.6.3)
      '@solana/functional': 2.0.0-rc.4(typescript@5.6.3)
      '@solana/rpc-subscriptions-spec': 2.0.0-rc.4(typescript@5.6.3)
      '@solana/subscribable': 2.0.0-rc.4(typescript@5.6.3)
      typescript: 5.6.3
      ws: 8.18.0

  '@solana/rpc-subscriptions-spec@2.0.0-rc.4(typescript@5.6.3)':
    dependencies:
      '@solana/errors': 2.0.0-rc.4(typescript@5.6.3)
      '@solana/promises': 2.0.0-rc.4(typescript@5.6.3)
      '@solana/rpc-spec-types': 2.0.0-rc.4(typescript@5.6.3)
      '@solana/subscribable': 2.0.0-rc.4(typescript@5.6.3)
      typescript: 5.6.3

  '@solana/rpc-subscriptions@2.0.0-rc.4(fastestsmallesttextencoderdecoder@1.0.22)(typescript@5.6.3)(ws@8.18.0)':
    dependencies:
      '@solana/errors': 2.0.0-rc.4(typescript@5.6.3)
      '@solana/fast-stable-stringify': 2.0.0-rc.4(typescript@5.6.3)
      '@solana/functional': 2.0.0-rc.4(typescript@5.6.3)
      '@solana/promises': 2.0.0-rc.4(typescript@5.6.3)
      '@solana/rpc-spec-types': 2.0.0-rc.4(typescript@5.6.3)
      '@solana/rpc-subscriptions-api': 2.0.0-rc.4(fastestsmallesttextencoderdecoder@1.0.22)(typescript@5.6.3)
      '@solana/rpc-subscriptions-channel-websocket': 2.0.0-rc.4(typescript@5.6.3)(ws@8.18.0)
      '@solana/rpc-subscriptions-spec': 2.0.0-rc.4(typescript@5.6.3)
      '@solana/rpc-transformers': 2.0.0-rc.4(fastestsmallesttextencoderdecoder@1.0.22)(typescript@5.6.3)
      '@solana/rpc-types': 2.0.0-rc.4(fastestsmallesttextencoderdecoder@1.0.22)(typescript@5.6.3)
      '@solana/subscribable': 2.0.0-rc.4(typescript@5.6.3)
      typescript: 5.6.3
    transitivePeerDependencies:
      - fastestsmallesttextencoderdecoder
      - ws

  '@solana/rpc-transformers@2.0.0-rc.4(fastestsmallesttextencoderdecoder@1.0.22)(typescript@5.6.3)':
    dependencies:
      '@solana/errors': 2.0.0-rc.4(typescript@5.6.3)
      '@solana/functional': 2.0.0-rc.4(typescript@5.6.3)
      '@solana/rpc-spec-types': 2.0.0-rc.4(typescript@5.6.3)
      '@solana/rpc-types': 2.0.0-rc.4(fastestsmallesttextencoderdecoder@1.0.22)(typescript@5.6.3)
      typescript: 5.6.3
    transitivePeerDependencies:
      - fastestsmallesttextencoderdecoder

  '@solana/rpc-transport-http@2.0.0-rc.4(typescript@5.6.3)':
    dependencies:
      '@solana/errors': 2.0.0-rc.4(typescript@5.6.3)
      '@solana/rpc-spec': 2.0.0-rc.4(typescript@5.6.3)
      '@solana/rpc-spec-types': 2.0.0-rc.4(typescript@5.6.3)
      typescript: 5.6.3
      undici-types: 6.20.0

  '@solana/rpc-types@2.0.0-rc.4(fastestsmallesttextencoderdecoder@1.0.22)(typescript@5.6.3)':
    dependencies:
      '@solana/addresses': 2.0.0-rc.4(fastestsmallesttextencoderdecoder@1.0.22)(typescript@5.6.3)
      '@solana/codecs-core': 2.0.0-rc.4(typescript@5.6.3)
      '@solana/codecs-numbers': 2.0.0-rc.4(typescript@5.6.3)
      '@solana/codecs-strings': 2.0.0-rc.4(fastestsmallesttextencoderdecoder@1.0.22)(typescript@5.6.3)
      '@solana/errors': 2.0.0-rc.4(typescript@5.6.3)
      typescript: 5.6.3
    transitivePeerDependencies:
      - fastestsmallesttextencoderdecoder

  '@solana/rpc@2.0.0-rc.4(fastestsmallesttextencoderdecoder@1.0.22)(typescript@5.6.3)':
    dependencies:
      '@solana/errors': 2.0.0-rc.4(typescript@5.6.3)
      '@solana/fast-stable-stringify': 2.0.0-rc.4(typescript@5.6.3)
      '@solana/functional': 2.0.0-rc.4(typescript@5.6.3)
      '@solana/rpc-api': 2.0.0-rc.4(fastestsmallesttextencoderdecoder@1.0.22)(typescript@5.6.3)
      '@solana/rpc-spec': 2.0.0-rc.4(typescript@5.6.3)
      '@solana/rpc-spec-types': 2.0.0-rc.4(typescript@5.6.3)
      '@solana/rpc-transformers': 2.0.0-rc.4(fastestsmallesttextencoderdecoder@1.0.22)(typescript@5.6.3)
      '@solana/rpc-transport-http': 2.0.0-rc.4(typescript@5.6.3)
      '@solana/rpc-types': 2.0.0-rc.4(fastestsmallesttextencoderdecoder@1.0.22)(typescript@5.6.3)
      typescript: 5.6.3
    transitivePeerDependencies:
      - fastestsmallesttextencoderdecoder

  '@solana/signers@2.0.0-rc.4(fastestsmallesttextencoderdecoder@1.0.22)(typescript@5.6.3)':
    dependencies:
      '@solana/addresses': 2.0.0-rc.4(fastestsmallesttextencoderdecoder@1.0.22)(typescript@5.6.3)
      '@solana/codecs-core': 2.0.0-rc.4(typescript@5.6.3)
      '@solana/errors': 2.0.0-rc.4(typescript@5.6.3)
      '@solana/instructions': 2.0.0-rc.4(typescript@5.6.3)
      '@solana/keys': 2.0.0-rc.4(fastestsmallesttextencoderdecoder@1.0.22)(typescript@5.6.3)
      '@solana/transaction-messages': 2.0.0-rc.4(fastestsmallesttextencoderdecoder@1.0.22)(typescript@5.6.3)
      '@solana/transactions': 2.0.0-rc.4(fastestsmallesttextencoderdecoder@1.0.22)(typescript@5.6.3)
      typescript: 5.6.3
    transitivePeerDependencies:
      - fastestsmallesttextencoderdecoder

  '@solana/subscribable@2.0.0-rc.4(typescript@5.6.3)':
    dependencies:
      '@solana/errors': 2.0.0-rc.4(typescript@5.6.3)
      typescript: 5.6.3

  '@solana/sysvars@2.0.0-rc.4(fastestsmallesttextencoderdecoder@1.0.22)(typescript@5.6.3)':
    dependencies:
      '@solana/accounts': 2.0.0-rc.4(fastestsmallesttextencoderdecoder@1.0.22)(typescript@5.6.3)
      '@solana/codecs': 2.0.0-rc.4(fastestsmallesttextencoderdecoder@1.0.22)(typescript@5.6.3)
      '@solana/errors': 2.0.0-rc.4(typescript@5.6.3)
      '@solana/rpc-types': 2.0.0-rc.4(fastestsmallesttextencoderdecoder@1.0.22)(typescript@5.6.3)
      typescript: 5.6.3
    transitivePeerDependencies:
      - fastestsmallesttextencoderdecoder

  '@solana/transaction-confirmation@2.0.0-rc.4(fastestsmallesttextencoderdecoder@1.0.22)(typescript@5.6.3)(ws@8.18.0)':
    dependencies:
      '@solana/addresses': 2.0.0-rc.4(fastestsmallesttextencoderdecoder@1.0.22)(typescript@5.6.3)
      '@solana/codecs-strings': 2.0.0-rc.4(fastestsmallesttextencoderdecoder@1.0.22)(typescript@5.6.3)
      '@solana/errors': 2.0.0-rc.4(typescript@5.6.3)
      '@solana/keys': 2.0.0-rc.4(fastestsmallesttextencoderdecoder@1.0.22)(typescript@5.6.3)
      '@solana/promises': 2.0.0-rc.4(typescript@5.6.3)
      '@solana/rpc': 2.0.0-rc.4(fastestsmallesttextencoderdecoder@1.0.22)(typescript@5.6.3)
      '@solana/rpc-subscriptions': 2.0.0-rc.4(fastestsmallesttextencoderdecoder@1.0.22)(typescript@5.6.3)(ws@8.18.0)
      '@solana/rpc-types': 2.0.0-rc.4(fastestsmallesttextencoderdecoder@1.0.22)(typescript@5.6.3)
      '@solana/transaction-messages': 2.0.0-rc.4(fastestsmallesttextencoderdecoder@1.0.22)(typescript@5.6.3)
      '@solana/transactions': 2.0.0-rc.4(fastestsmallesttextencoderdecoder@1.0.22)(typescript@5.6.3)
      typescript: 5.6.3
    transitivePeerDependencies:
      - fastestsmallesttextencoderdecoder
      - ws

  '@solana/transaction-messages@2.0.0-rc.4(fastestsmallesttextencoderdecoder@1.0.22)(typescript@5.6.3)':
    dependencies:
      '@solana/addresses': 2.0.0-rc.4(fastestsmallesttextencoderdecoder@1.0.22)(typescript@5.6.3)
      '@solana/codecs-core': 2.0.0-rc.4(typescript@5.6.3)
      '@solana/codecs-data-structures': 2.0.0-rc.4(typescript@5.6.3)
      '@solana/codecs-numbers': 2.0.0-rc.4(typescript@5.6.3)
      '@solana/errors': 2.0.0-rc.4(typescript@5.6.3)
      '@solana/functional': 2.0.0-rc.4(typescript@5.6.3)
      '@solana/instructions': 2.0.0-rc.4(typescript@5.6.3)
      '@solana/rpc-types': 2.0.0-rc.4(fastestsmallesttextencoderdecoder@1.0.22)(typescript@5.6.3)
      typescript: 5.6.3
    transitivePeerDependencies:
      - fastestsmallesttextencoderdecoder

  '@solana/transactions@2.0.0-rc.4(fastestsmallesttextencoderdecoder@1.0.22)(typescript@5.6.3)':
    dependencies:
      '@solana/addresses': 2.0.0-rc.4(fastestsmallesttextencoderdecoder@1.0.22)(typescript@5.6.3)
      '@solana/codecs-core': 2.0.0-rc.4(typescript@5.6.3)
      '@solana/codecs-data-structures': 2.0.0-rc.4(typescript@5.6.3)
      '@solana/codecs-numbers': 2.0.0-rc.4(typescript@5.6.3)
      '@solana/codecs-strings': 2.0.0-rc.4(fastestsmallesttextencoderdecoder@1.0.22)(typescript@5.6.3)
      '@solana/errors': 2.0.0-rc.4(typescript@5.6.3)
      '@solana/functional': 2.0.0-rc.4(typescript@5.6.3)
      '@solana/instructions': 2.0.0-rc.4(typescript@5.6.3)
      '@solana/keys': 2.0.0-rc.4(fastestsmallesttextencoderdecoder@1.0.22)(typescript@5.6.3)
      '@solana/rpc-types': 2.0.0-rc.4(fastestsmallesttextencoderdecoder@1.0.22)(typescript@5.6.3)
      '@solana/transaction-messages': 2.0.0-rc.4(fastestsmallesttextencoderdecoder@1.0.22)(typescript@5.6.3)
      typescript: 5.6.3
    transitivePeerDependencies:
      - fastestsmallesttextencoderdecoder

  '@solana/web3.js@2.0.0-rc.4(fastestsmallesttextencoderdecoder@1.0.22)(typescript@5.6.3)(ws@8.18.0)':
    dependencies:
      '@solana/accounts': 2.0.0-rc.4(fastestsmallesttextencoderdecoder@1.0.22)(typescript@5.6.3)
      '@solana/addresses': 2.0.0-rc.4(fastestsmallesttextencoderdecoder@1.0.22)(typescript@5.6.3)
      '@solana/codecs': 2.0.0-rc.4(fastestsmallesttextencoderdecoder@1.0.22)(typescript@5.6.3)
      '@solana/errors': 2.0.0-rc.4(typescript@5.6.3)
      '@solana/functional': 2.0.0-rc.4(typescript@5.6.3)
      '@solana/instructions': 2.0.0-rc.4(typescript@5.6.3)
      '@solana/keys': 2.0.0-rc.4(fastestsmallesttextencoderdecoder@1.0.22)(typescript@5.6.3)
      '@solana/programs': 2.0.0-rc.4(fastestsmallesttextencoderdecoder@1.0.22)(typescript@5.6.3)
      '@solana/rpc': 2.0.0-rc.4(fastestsmallesttextencoderdecoder@1.0.22)(typescript@5.6.3)
      '@solana/rpc-parsed-types': 2.0.0-rc.4(typescript@5.6.3)
      '@solana/rpc-spec-types': 2.0.0-rc.4(typescript@5.6.3)
      '@solana/rpc-subscriptions': 2.0.0-rc.4(fastestsmallesttextencoderdecoder@1.0.22)(typescript@5.6.3)(ws@8.18.0)
      '@solana/rpc-types': 2.0.0-rc.4(fastestsmallesttextencoderdecoder@1.0.22)(typescript@5.6.3)
      '@solana/signers': 2.0.0-rc.4(fastestsmallesttextencoderdecoder@1.0.22)(typescript@5.6.3)
      '@solana/sysvars': 2.0.0-rc.4(fastestsmallesttextencoderdecoder@1.0.22)(typescript@5.6.3)
      '@solana/transaction-confirmation': 2.0.0-rc.4(fastestsmallesttextencoderdecoder@1.0.22)(typescript@5.6.3)(ws@8.18.0)
      '@solana/transaction-messages': 2.0.0-rc.4(fastestsmallesttextencoderdecoder@1.0.22)(typescript@5.6.3)
      '@solana/transactions': 2.0.0-rc.4(fastestsmallesttextencoderdecoder@1.0.22)(typescript@5.6.3)
      typescript: 5.6.3
    transitivePeerDependencies:
      - fastestsmallesttextencoderdecoder
      - ws

  '@types/node@22.9.0':
    dependencies:
      undici-types: 6.19.8

  a-sync-waterfall@1.0.1: {}

  anymatch@3.1.3:
    dependencies:
      normalize-path: 3.0.0
      picomatch: 2.3.1

  asap@2.0.6: {}

  binary-extensions@2.3.0: {}

  braces@3.0.3:
    dependencies:
      fill-range: 7.1.1

  call-bind@1.0.7:
    dependencies:
      es-define-property: 1.0.0
      es-errors: 1.3.0
      function-bind: 1.1.2
      get-intrinsic: 1.2.4
      set-function-length: 1.2.2

  chalk@5.3.0: {}

  chokidar@3.6.0:
    dependencies:
      anymatch: 3.1.3
      braces: 3.0.3
      glob-parent: 5.1.2
      is-binary-path: 2.1.0
      is-glob: 4.0.3
      normalize-path: 3.0.0
      readdirp: 3.6.0
    optionalDependencies:
      fsevents: 2.3.3

  codama@1.1.0:
    dependencies:
      '@codama/errors': 1.1.0
      '@codama/nodes': 1.1.0
      '@codama/validators': 1.1.0
      '@codama/visitors': 1.1.0

  commander@12.1.0: {}

  commander@5.1.0: {}

  define-data-property@1.1.4:
    dependencies:
      es-define-property: 1.0.0
      es-errors: 1.3.0
      gopd: 1.0.1

  dotenv@16.4.5: {}

  es-define-property@1.0.0:
    dependencies:
      get-intrinsic: 1.2.4

  es-errors@1.3.0: {}

  esbuild@0.17.19:
    optionalDependencies:
      '@esbuild/android-arm': 0.17.19
      '@esbuild/android-arm64': 0.17.19
      '@esbuild/android-x64': 0.17.19
      '@esbuild/darwin-arm64': 0.17.19
      '@esbuild/darwin-x64': 0.17.19
      '@esbuild/freebsd-arm64': 0.17.19
      '@esbuild/freebsd-x64': 0.17.19
      '@esbuild/linux-arm': 0.17.19
      '@esbuild/linux-arm64': 0.17.19
      '@esbuild/linux-ia32': 0.17.19
      '@esbuild/linux-loong64': 0.17.19
      '@esbuild/linux-mips64el': 0.17.19
      '@esbuild/linux-ppc64': 0.17.19
      '@esbuild/linux-riscv64': 0.17.19
      '@esbuild/linux-s390x': 0.17.19
      '@esbuild/linux-x64': 0.17.19
      '@esbuild/netbsd-x64': 0.17.19
      '@esbuild/openbsd-x64': 0.17.19
      '@esbuild/sunos-x64': 0.17.19
      '@esbuild/win32-arm64': 0.17.19
      '@esbuild/win32-ia32': 0.17.19
      '@esbuild/win32-x64': 0.17.19

  fastestsmallesttextencoderdecoder@1.0.22: {}

  fill-range@7.1.1:
    dependencies:
      to-regex-range: 5.0.1

  fsevents@2.3.3:
    optional: true

  function-bind@1.1.2: {}

  get-intrinsic@1.2.4:
    dependencies:
      es-errors: 1.3.0
      function-bind: 1.1.2
      has-proto: 1.0.3
      has-symbols: 1.0.3
      hasown: 2.0.2

  glob-parent@5.1.2:
    dependencies:
      is-glob: 4.0.3

  gopd@1.0.1:
    dependencies:
      get-intrinsic: 1.2.4

  has-property-descriptors@1.0.2:
    dependencies:
      es-define-property: 1.0.0

  has-proto@1.0.3: {}

  has-symbols@1.0.3: {}

  hasown@2.0.2:
    dependencies:
      function-bind: 1.1.2

  is-binary-path@2.1.0:
    dependencies:
      binary-extensions: 2.3.0

  is-extglob@2.1.1: {}

  is-glob@4.0.3:
    dependencies:
      is-extglob: 2.1.1

  is-number@7.0.0: {}

  isarray@2.0.5: {}

  json-stable-stringify@1.1.1:
    dependencies:
      call-bind: 1.0.7
      isarray: 2.0.5
      jsonify: 0.0.1
      object-keys: 1.1.1

  jsonify@0.0.1: {}

  normalize-path@3.0.0: {}

  nunjucks@3.2.4(chokidar@3.6.0):
    dependencies:
      a-sync-waterfall: 1.0.1
      asap: 2.0.6
      commander: 5.1.0
    optionalDependencies:
      chokidar: 3.6.0

  object-keys@1.1.1: {}

  picomatch@2.3.1: {}

  prettier@3.3.3: {}

  readdirp@3.6.0:
    dependencies:
      picomatch: 2.3.1

  set-function-length@1.2.2:
    dependencies:
      define-data-property: 1.1.4
      es-errors: 1.3.0
      function-bind: 1.1.2
      get-intrinsic: 1.2.4
      gopd: 1.0.1
      has-property-descriptors: 1.0.2

  to-regex-range@5.0.1:
    dependencies:
      is-number: 7.0.0

  typescript@5.6.3: {}

  undici-types@6.19.8: {}

  undici-types@6.20.0: {}

  ws@8.18.0: {}
